
Microsoft Visual Studio Solution File, Format Version 12.00
# Visual Studio 15
VisualStudioVersion = 15.0.28307.271
MinimumVisualStudioVersion = 10.0.40219.1
Project("{FAE04EC0-301F-11D3-BF4B-00C04F79EFBC}") = "ServiceFuncToCalculateTotal", "ServiceFuncToCalculateTotal\ServiceFuncToCalculateTotal.csproj", "{C3236096-05E6-4EBB-8D78-25F30A0E9031}"
EndProject
Global
	GlobalSection(SolutionConfigurationPlatforms) = preSolution
		Debug|Any CPU = Debug|Any CPU
		Release|Any CPU = Release|Any CPU
	EndGlobalSection
	GlobalSection(ProjectConfigurationPlatforms) = postSolution
		{C3236096-05E6-4EBB-8D78-25F30A0E9031}.Debug|Any CPU.ActiveCfg = Debug|Any CPU
		{C3236096-05E6-4EBB-8D78-25F30A0E9031}.Debug|Any CPU.Build.0 = Debug|Any CPU
		{C3236096-05E6-4EBB-8D78-25F30A0E9031}.Release|Any CPU.ActiveCfg = Release|Any CPU
		{C3236096-05E6-4EBB-8D78-25F30A0E9031}.Release|Any CPU.Build.0 = Release|Any CPU
	EndGlobalSection
	GlobalSection(SolutionProperties) = preSolution
		HideSolutionNode = FALSE
	EndGlobalSection
	GlobalSection(ExtensibilityGlobals) = postSolution
		SolutionGuid = {AF51C51A-33A2-41AB-BC6B-E36441034EC2}
	EndGlobalSection
EndGlobal
